{
    "brick/math": {
        "version": "0.9.1"
    },
    "brick/reflection": {
        "version": "0.2.2"
    },
    "clue/stream-filter": {
        "version": "v1.4.1"
    },
    "composer/semver": {
        "version": "1.4.2"
    },
    "composer/xdebug-handler": {
        "version": "1.1.0"
    },
    "cpliakas/git-wrapper": {
        "version": "v2.1.0"
    },
    "doctrine/annotations": {
        "version": "1.0",
        "recipe": {
            "repo": "github.com/symfony/recipes",
            "branch": "master",
            "version": "1.0",
            "ref": "cb4152ebcadbe620ea2261da1a1c5a9b8cea7672"
        }
    },
    "doctrine/cache": {
        "version": "v1.8.0"
    },
    "doctrine/collections": {
        "version": "v1.5.0"
    },
    "doctrine/common": {
        "version": "v2.10.0"
    },
    "doctrine/data-fixtures": {
        "version": "v1.3.1"
    },
    "doctrine/dbal": {
        "version": "v2.9.1"
    },
    "doctrine/doctrine-bundle": {
        "version": "1.6",
        "recipe": {
            "repo": "github.com/symfony/recipes",
            "branch": "master",
            "version": "1.6",
            "ref": "453e89b78ded666f351617baca5ae40d20622351"
        }
    },
    "doctrine/doctrine-cache-bundle": {
        "version": "1.3.5"
    },
    "doctrine/doctrine-fixtures-bundle": {
        "version": "3.0",
        "recipe": {
            "repo": "github.com/symfony/recipes",
            "branch": "master",
            "version": "3.0",
            "ref": "fc52d86631a6dfd9fdf3381d0b7e3df2069e51b3"
        },
        "files": [
            "src/DataFixtures/AppFixtures.php"
        ]
    },
    "doctrine/doctrine-migrations-bundle": {
        "version": "1.2",
        "recipe": {
            "repo": "github.com/symfony/recipes",
            "branch": "master",
            "version": "1.2",
            "ref": "c1431086fec31f17fbcfe6d6d7e92059458facc1"
        }
    },
    "doctrine/event-manager": {
        "version": "v1.0.0"
    },
    "doctrine/inflector": {
        "version": "v1.3.0"
    },
    "doctrine/instantiator": {
        "version": "1.1.0"
    },
    "doctrine/lexer": {
        "version": "v1.0.1"
    },
    "doctrine/migrations": {
        "version": "v1.8.1"
    },
    "doctrine/orm": {
        "version": "v2.6.3"
    },
    "doctrine/persistence": {
        "version": "v1.1.0"
    },
    "doctrine/reflection": {
        "version": "v1.0.0"
    },
    "dragonmantank/cron-expression": {
        "version": "v2.3.0"
    },
    "egulias/email-validator": {
        "version": "2.1.7"
    },
    "eightpoints/guzzle-bundle": {
        "version": "7.0",
        "recipe": {
            "repo": "github.com/symfony/recipes-contrib",
            "branch": "master",
            "version": "7.0",
            "ref": "e5e657ce5a4ebc99f3c76916938aa0a5f8ef7736"
        }
    },
    "fgrosse/phpasn1": {
        "version": "v2.1.1"
    },
    "friendsofphp/php-cs-fixer": {
        "version": "2.2",
        "recipe": {
            "repo": "github.com/symfony/recipes",
            "branch": "master",
            "version": "2.2",
            "ref": "81dee417d2cc60cd1c9d6208dff2ec22a1103e93"
        }
    },
    "fzaninotto/faker": {
        "version": "v1.8.0"
    },
    "graylog2/gelf-php": {
        "version": "1.6.1"
    },
    "guzzlehttp/guzzle": {
        "version": "6.3.3"
    },
    "guzzlehttp/promises": {
        "version": "v1.3.1"
    },
    "guzzlehttp/psr7": {
        "version": "1.4.2"
    },
    "jdorn/sql-formatter": {
        "version": "v1.2.17"
    },
    "jean85/pretty-package-versions": {
        "version": "1.2"
    },
    "jetbrains/phpstorm-stubs": {
        "version": "v2019.3"
    },
    "kbsali/redmine-api": {
        "version": "v1.5.16"
    },
    "knplabs/knp-components": {
        "version": "v1.3.10"
    },
    "knplabs/knp-menu": {
        "version": "2.3.0"
    },
    "knplabs/knp-menu-bundle": {
        "version": "v2.2.1"
    },
    "knplabs/knp-paginator-bundle": {
        "version": "v3.0.0"
    },
    "laminas/laminas-code": {
        "version": "3.4.1"
    },
    "laminas/laminas-eventmanager": {
        "version": "3.2.1"
    },
    "laminas/laminas-zendframework-bridge": {
        "version": "1.0.1"
    },
    "monolog/monolog": {
        "version": "1.24.0"
    },
    "myclabs/deep-copy": {
        "version": "1.8.1"
    },
    "nette/finder": {
        "version": "v2.5.2"
    },
    "nette/robot-loader": {
        "version": "v3.2.3"
    },
    "nette/utils": {
        "version": "v3.1.1"
    },
    "nikic/php-parser": {
        "version": "v4.1.0"
    },
    "nyholm/psr7": {
        "version": "1.0",
        "recipe": {
            "repo": "github.com/symfony/recipes",
            "branch": "master",
            "version": "1.0",
            "ref": "7c0a9352a57376f04f5444e74565102c3a23d0c7"
        },
        "files": [
            "config/packages/nyholm_psr7.yaml"
        ]
    },
    "ocramius/package-versions": {
        "version": "1.3.0"
    },
    "ocramius/proxy-manager": {
        "version": "2.2.2"
    },
    "ondram/ci-detector": {
        "version": "3.3.0"
    },
    "paragonie/constant_time_encoding": {
        "version": "v2.2.2"
    },
    "phar-io/manifest": {
        "version": "1.0.3"
    },
    "phar-io/version": {
        "version": "2.0.1"
    },
    "php": {
        "version": "7.4"
    },
    "php-amqplib/php-amqplib": {
        "version": "v2.8.1"
    },
    "php-cs-fixer/diff": {
        "version": "v1.3.0"
    },
    "php-http/cache-plugin": {
        "version": "1.7.1"
    },
    "php-http/client-common": {
        "version": "2.3.0"
    },
    "php-http/curl-client": {
        "version": "2.1.0"
    },
    "php-http/discovery": {
        "version": "1.9.1"
    },
    "php-http/httplug": {
        "version": "2.2.0"
    },
    "php-http/httplug-bundle": {
        "version": "1.6",
        "recipe": {
            "repo": "github.com/symfony/recipes-contrib",
            "branch": "master",
            "version": "1.6",
            "ref": "87b3d491d593d2c6e3b90bf0689ac69a188bfa5f"
        },
        "files": [
            "config/packages/httplug.yaml"
        ]
    },
    "php-http/logger-plugin": {
        "version": "1.1.0"
    },
    "php-http/message": {
        "version": "1.9.0"
    },
    "php-http/message-factory": {
        "version": "v1.0.2"
    },
    "php-http/promise": {
        "version": "1.1.0"
    },
    "php-http/stopwatch-plugin": {
        "version": "1.3.0"
    },
    "phpdocumentor/reflection-common": {
        "version": "1.0.1"
    },
    "phpdocumentor/reflection-docblock": {
        "version": "4.3.0"
    },
    "phpdocumentor/type-resolver": {
        "version": "0.4.0"
    },
    "phpseclib/phpseclib": {
        "version": "2.0.23"
    },
    "phpspec/prophecy": {
        "version": "1.8.0"
    },
    "phpstan/phpdoc-parser": {
        "version": "0.4.4"
    },
    "phpstan/phpstan": {
        "version": "0.12.19"
    },
    "phpstan/phpstan-phpunit": {
        "version": "0.12.8"
    },
    "phpunit/php-code-coverage": {
        "version": "6.1.4"
    },
    "phpunit/php-file-iterator": {
        "version": "2.0.2"
    },
    "phpunit/php-text-template": {
        "version": "1.2.1"
    },
    "phpunit/php-timer": {
        "version": "2.0.0"
    },
    "phpunit/php-token-stream": {
        "version": "3.0.1"
    },
    "phpunit/phpunit": {
        "version": "4.7",
        "recipe": {
            "repo": "github.com/symfony/recipes",
            "branch": "master",
            "version": "4.7",
            "ref": "89239f0cf2759efccc76b9944083bfcc4d180f9d"
        }
    },
    "psr/cache": {
        "version": "1.0.1"
    },
    "psr/container": {
        "version": "1.0.0"
    },
    "psr/event-dispatcher": {
        "version": "1.0.0"
    },
    "psr/http-client": {
        "version": "1.0.1"
    },
    "psr/http-factory": {
        "version": "1.0.1"
    },
    "psr/http-message": {
        "version": "1.0.1"
    },
    "psr/log": {
        "version": "1.0.2"
    },
    "psr/simple-cache": {
        "version": "1.0.1"
    },
    "ralouphie/getallheaders": {
        "version": "2.0.5"
    },
    "ramsey/uuid": {
        "version": "3.8.0"
    },
    "rbdwllr/reallysimplejwt": {
        "version": "2.1.0"
    },
    "rector/rector": {
        "version": "v0.7.19"
    },
    "roave/security-advisories": {
        "version": "dev-master"
    },
    "sebastian/code-unit-reverse-lookup": {
        "version": "1.0.1"
    },
    "sebastian/comparator": {
        "version": "3.0.2"
    },
    "sebastian/diff": {
        "version": "3.0.1"
    },
    "sebastian/environment": {
        "version": "3.1.0"
    },
    "sebastian/exporter": {
        "version": "3.1.0"
    },
    "sebastian/global-state": {
        "version": "2.0.0"
    },
    "sebastian/object-enumerator": {
        "version": "3.0.3"
    },
    "sebastian/object-reflector": {
        "version": "1.1.1"
    },
    "sebastian/recursion-context": {
        "version": "3.0.0"
    },
    "sebastian/resource-operations": {
        "version": "2.0.1"
    },
    "sebastian/version": {
        "version": "2.0.1"
    },
    "sensio/framework-extra-bundle": {
        "version": "5.2",
        "recipe": {
            "repo": "github.com/symfony/recipes",
            "branch": "master",
            "version": "5.2",
            "ref": "fb7e19da7f013d0d422fa9bce16f5c510e27609b"
        }
    },
    "setono/cron-expression-bundle": {
        "version": "v1.0.0"
    },
    "spomky-labs/base64url": {
        "version": "v2.0.2"
    },
    "swiftmailer/swiftmailer": {
        "version": "v6.2.1"
    },
    "symfony/asset": {
        "version": "v4.2.0"
    },
    "symfony/browser-kit": {
        "version": "v4.2.1"
    },
    "symfony/cache": {
        "version": "v4.1.7"
    },
    "symfony/cache-contracts": {
        "version": "v1.1.5"
    },
    "symfony/config": {
        "version": "v4.1.7"
    },
    "symfony/console": {
        "version": "3.3",
        "recipe": {
            "repo": "github.com/symfony/recipes",
            "branch": "master",
            "version": "3.3",
            "ref": "181d766db0eb468f41337f9b2d9d5b61ba1ee441"
        }
    },
    "symfony/css-selector": {
        "version": "v4.2.1"
    },
    "symfony/debug": {
        "version": "v4.1.7"
    },
    "symfony/dependency-injection": {
        "version": "v4.1.7"
    },
    "symfony/doctrine-bridge": {
        "version": "v4.2.1"
    },
    "symfony/dom-crawler": {
        "version": "v4.2.1"
    },
    "symfony/dotenv": {
        "version": "v4.1.7"
    },
    "symfony/error-handler": {
        "version": "v4.4.1"
    },
    "symfony/event-dispatcher": {
        "version": "v4.1.7"
    },
    "symfony/event-dispatcher-contracts": {
        "version": "v1.1.5"
    },
    "symfony/expression-language": {
        "version": "v4.1.7"
    },
    "symfony/filesystem": {
        "version": "v4.1.2"
    },
    "symfony/finder": {
        "version": "v4.1.2"
    },
    "symfony/flex": {
        "version": "1.0",
        "recipe": {
            "repo": "github.com/symfony/recipes",
            "branch": "master",
            "version": "1.0",
            "ref": "5f8a51c0fad684396f6b6c0fd770e043439cb632"
        }
    },
    "symfony/form": {
        "version": "v4.2.1"
    },
    "symfony/framework-bundle": {
        "version": "3.3",
        "recipe": {
            "repo": "github.com/symfony/recipes",
            "branch": "master",
            "version": "3.3",
            "ref": "9ec493d6f3575c54671493d635fa4b68658022ab"
        }
    },
    "symfony/http-foundation": {
        "version": "v4.1.7"
    },
    "symfony/http-kernel": {
        "version": "v4.1.7"
    },
    "symfony/inflector": {
        "version": "v4.2.1"
    },
    "symfony/intl": {
        "version": "v4.2.1"
    },
    "symfony/ldap": {
        "version": "v4.2.4"
    },
    "symfony/maker-bundle": {
        "version": "1.0",
        "recipe": {
            "repo": "github.com/symfony/recipes",
            "branch": "master",
            "version": "1.0",
            "ref": "fadbfe33303a76e25cb63401050439aa9b1a9c7f"
        }
    },
    "symfony/mime": {
        "version": "v4.3.2"
    },
    "symfony/monolog-bridge": {
        "version": "v4.1.7"
    },
    "symfony/monolog-bundle": {
        "version": "3.1",
        "recipe": {
            "repo": "github.com/symfony/recipes",
            "branch": "master",
            "version": "3.1",
            "ref": "18ebf5a940573a20de06f9c4060101eeb438cf3d"
        }
    },
    "symfony/options-resolver": {
        "version": "v4.1.2"
    },
    "symfony/orm-pack": {
        "version": "v1.0.5"
    },
    "symfony/polyfill-intl-icu": {
        "version": "v1.10.0"
    },
    "symfony/polyfill-intl-idn": {
        "version": "v1.11.0"
    },
    "symfony/polyfill-mbstring": {
        "version": "v1.8.0"
    },
    "symfony/polyfill-php72": {
        "version": "v1.8.0"
    },
    "symfony/polyfill-php73": {
        "version": "v1.11.0"
    },
    "symfony/polyfill-php80": {
        "version": "v1.18.1"
    },
    "symfony/process": {
        "version": "v4.1.7"
    },
    "symfony/profiler-pack": {
        "version": "v1.0.3"
    },
    "symfony/property-access": {
        "version": "v4.2.1"
    },
    "symfony/routing": {
        "version": "4.0",
        "recipe": {
            "repo": "github.com/symfony/recipes",
            "branch": "master",
            "version": "4.0",
            "ref": "5f514d9d3b8a8aac3d62ae6a86b18b90ed0c7826"
        }
    },
    "symfony/security-bundle": {
        "version": "3.3",
        "recipe": {
            "repo": "github.com/symfony/recipes",
            "branch": "master",
            "version": "3.3",
            "ref": "f8a63faa0d9521526499c0a8f403c9964ecb0527"
        }
    },
    "symfony/security-core": {
        "version": "v4.2.4"
    },
    "symfony/security-csrf": {
        "version": "v4.2.4"
    },
    "symfony/security-guard": {
        "version": "v4.2.4"
    },
    "symfony/security-http": {
        "version": "v4.2.4"
    },
    "symfony/serializer": {
        "version": "v4.2.0"
    },
    "symfony/service-contracts": {
        "version": "v1.1.5"
    },
    "symfony/stopwatch": {
        "version": "v4.1.2"
    },
    "symfony/swiftmailer-bundle": {
        "version": "2.5",
        "recipe": {
            "repo": "github.com/symfony/recipes",
            "branch": "master",
            "version": "2.5",
            "ref": "3db029c03e452b4a23f7fc45cec7c922c2247eb8"
        },
        "files": [
            "config/packages/dev/swiftmailer.yaml",
            "config/packages/swiftmailer.yaml",
            "config/packages/test/swiftmailer.yaml"
        ]
    },
    "symfony/translation": {
        "version": "3.3",
        "recipe": {
            "repo": "github.com/symfony/recipes",
            "branch": "master",
            "version": "3.3",
            "ref": "1fb02a6e1c8f3d4232cce485c9afa868d63b115a"
        }
    },
    "symfony/translation-contracts": {
        "version": "v1.1.5"
    },
    "symfony/twig-bridge": {
        "version": "v4.2.0"
    },
    "symfony/twig-bundle": {
        "version": "3.3",
        "recipe": {
            "repo": "github.com/symfony/recipes",
            "branch": "master",
            "version": "3.3",
            "ref": "369b5b29dc52b2c190002825ae7ec24ab6f962dd"
        }
    },
    "symfony/validator": {
        "version": "4.1",
        "recipe": {
            "repo": "github.com/symfony/recipes",
            "branch": "master",
            "version": "4.1",
            "ref": "0cdc982334f45d554957a6167e030482795bf9d7"
        }
    },
    "symfony/var-dumper": {
        "version": "v4.2.1"
    },
    "symfony/var-exporter": {
        "version": "v4.2.0"
    },
    "symfony/web-profiler-bundle": {
        "version": "3.3",
        "recipe": {
            "repo": "github.com/symfony/recipes",
            "branch": "master",
            "version": "3.3",
            "ref": "6bdfa1a95f6b2e677ab985cd1af2eae35d62e0f6"
        }
    },
    "symfony/webpack-encore-bundle": {
        "version": "1.0",
        "recipe": {
            "repo": "github.com/symfony/recipes",
            "branch": "master",
            "version": "1.0",
            "ref": "dd76e869a5d10fac29f4c0c02f8feaac613471ff"
        }
    },
    "symfony/yaml": {
        "version": "v4.1.7"
    },
    "symplify/auto-bind-parameter": {
        "version": "v7.2.19"
    },
    "symplify/autowire-array-parameter": {
        "version": "v7.2.19"
    },
    "symplify/package-builder": {
        "version": "v7.2.19"
    },
    "symplify/set-config-resolver": {
        "version": "v7.2.19"
    },
    "symplify/smart-file-system": {
        "version": "v7.2.19"
    },
    "t3g/symfony-keycloak-bundle": {
        "version": "1.0.3"
    },
    "t3g/symfony-template-bundle": {
        "version": "dev-initialize"
    },
    "t3g/symfony-usercentrics-bundle": {
        "version": "dev-master"
    },
    "theseer/tokenizer": {
        "version": "1.1.0"
    },
    "tracy/tracy": {
        "version": "v2.7.4"
    },
    "twig/twig": {
        "version": "v2.5.0"
    },
    "web-token/jwt-bundle": {
        "version": "v2.2.1"
    },
    "web-token/jwt-checker": {
        "version": "v2.2.1"
    },
    "web-token/jwt-core": {
        "version": "v2.2.1"
    },
    "web-token/jwt-key-mgmt": {
        "version": "v2.2.1"
    },
    "web-token/jwt-signature": {
        "version": "v2.2.1"
    },
    "web-token/jwt-signature-algorithm-hmac": {
        "version": "v2.2.1"
    },
    "web-token/jwt-signature-algorithm-rsa": {
        "version": "v2.2.1"
    },
    "webimpress/safe-writer": {
        "version": "2.0.0"
    },
    "webmozart/assert": {
        "version": "1.3.0"
    },
    "woeler/phpdiscord": {
        "version": "v1.1.0"
    },
    "zendframework/zend-code": {
        "version": "3.3.1"
    },
    "zendframework/zend-eventmanager": {
        "version": "3.2.1"
    }
}
