{
    "psr/cache": {
        "version": "1.0.1"
    },
    "psr/container": {
        "version": "1.0.0"
    },
    "psr/simple-cache": {
        "version": "1.0.1"
    },
    "symfony/cache": {
        "version": "v4.1.7"
    },
    "symfony/config": {
        "version": "v4.1.7"
    },
    "symfony/debug": {
        "version": "v4.1.7"
    },
    "symfony/dependency-injection": {
        "version": "v4.1.7"
    },
    "symfony/flex": {
        "version": "1.0",
        "recipe": {
            "repo": "github.com/symfony/recipes",
            "branch": "master",
            "version": "1.0",
            "ref": "5f8a51c0fad684396f6b6c0fd770e043439cb632"
        }
    },
    "symfony/framework-bundle": {
        "version": "3.3",
        "recipe": {
            "repo": "github.com/symfony/recipes",
            "branch": "master",
            "version": "3.3",
            "ref": "9ec493d6f3575c54671493d635fa4b68658022ab"
        }
    },
    "symfony/http-foundation": {
        "version": "v4.1.7"
    },
    "symfony/http-kernel": {
        "version": "v4.1.7"
    },
    "symfony/routing": {
        "version": "4.0",
        "recipe": {
            "repo": "github.com/symfony/recipes",
            "branch": "master",
            "version": "4.0",
            "ref": "5f514d9d3b8a8aac3d62ae6a86b18b90ed0c7826"
        }
    },
    "symfony/yaml": {
        "version": "v4.1.7"
    }
}
